
Microsoft Visual Studio Solution File, Format Version 12.00
# Visual Studio Version 16
VisualStudioVersion = 16.0.31624.102
MinimumVisualStudioVersion = 10.0.40219.1
Project("{FAE04EC0-301F-11D3-BF4B-00C04F79EFBC}") = "ASP.NET_20_02_2023", "ASP.NET_20_02_2023\ASP.NET_20_02_2023.csproj", "{EAD19498-5F20-466B-ADF3-490D5D2DD63C}"
EndProject
Global
	GlobalSection(SolutionConfigurationPlatforms) = preSolution
		Debug|Any CPU = Debug|Any CPU
		Release|Any CPU = Release|Any CPU
	EndGlobalSection
	GlobalSection(ProjectConfigurationPlatforms) = postSolution
		{EAD19498-5F20-466B-ADF3-490D5D2DD63C}.Debug|Any CPU.ActiveCfg = Debug|Any CPU
		{EAD19498-5F20-466B-ADF3-490D5D2DD63C}.Debug|Any CPU.Build.0 = Debug|Any CPU
		{EAD19498-5F20-466B-ADF3-490D5D2DD63C}.Release|Any CPU.ActiveCfg = Release|Any CPU
		{EAD19498-5F20-466B-ADF3-490D5D2DD63C}.Release|Any CPU.Build.0 = Release|Any CPU
	EndGlobalSection
	GlobalSection(SolutionProperties) = preSolution
		HideSolutionNode = FALSE
	EndGlobalSection
	GlobalSection(ExtensibilityGlobals) = postSolution
		SolutionGuid = {4F0DFA79-E613-4EF4-BE2F-D98C7866C16B}
	EndGlobalSection
EndGlobal
